// !$*UTF8*$!
{
	archiveVersion = 1;
	classes = {
	};
	objectVersion = 46;
	objects = {

/* Begin PBXBuildFile section */
		7628CDD21892D9B90085CE94 /* app.jsx in Resources */ = {isa = PBXBuildFile; fileRef = 7628CDC21892D9B90085CE94 /* app.jsx */; };
		7628CDD31892D9B90085CE94 /* bridge.jsx in Resources */ = {isa = PBXBuildFile; fileRef = 7628CDC31892D9B90085CE94 /* bridge.jsx */; };
		7628CDD41892D9B90085CE94 /* CloseNormal.png in Resources */ = {isa = PBXBuildFile; fileRef = 7628CDC41892D9B90085CE94 /* CloseNormal.png */; };
		7628CDD51892D9B90085CE94 /* CloseSelected.png in Resources */ = {isa = PBXBuildFile; fileRef = 7628CDC51892D9B90085CE94 /* CloseSelected.png */; };
		7628CDD61892D9B90085CE94 /* Cocos2d-html5-v2.2.2.min.jsx in Resources */ = {isa = PBXBuildFile; fileRef = 7628CDC61892D9B90085CE94 /* Cocos2d-html5-v2.2.2.min.jsx */; };
		7628CDDC1892D9B90085CE94 /* HelloWorld.png in Resources */ = {isa = PBXBuildFile; fileRef = 7628CDCC1892D9B90085CE94 /* HelloWorld.png */; };
		7628CDDD1892D9B90085CE94 /* index.css in Resources */ = {isa = PBXBuildFile; fileRef = 7628CDCD1892D9B90085CE94 /* index.css */; };
		7628CDDE1892D9B90085CE94 /* index.html in Resources */ = {isa = PBXBuildFile; fileRef = 7628CDCE1892D9B90085CE94 /* index.html */; };
		7628CDDF1892D9B90085CE94 /* index.jsx in Resources */ = {isa = PBXBuildFile; fileRef = 7628CDCF1892D9B90085CE94 /* index.jsx */; };
		7628CDE11892D9B90085CE94 /* resource.jsx in Resources */ = {isa = PBXBuildFile; fileRef = 7628CDD11892D9B90085CE94 /* resource.jsx */; };
		76F208CC1892809B000BE84C /* Foundation.framework in Frameworks */ = {isa = PBXBuildFile; fileRef = 76F208CB1892809B000BE84C /* Foundation.framework */; };
		76F208CE1892809B000BE84C /* CoreGraphics.framework in Frameworks */ = {isa = PBXBuildFile; fileRef = 76F208CD1892809B000BE84C /* CoreGraphics.framework */; };
		76F208D01892809B000BE84C /* UIKit.framework in Frameworks */ = {isa = PBXBuildFile; fileRef = 76F208CF1892809B000BE84C /* UIKit.framework */; };
		76F208D61892809B000BE84C /* InfoPlist.strings in Resources */ = {isa = PBXBuildFile; fileRef = 76F208D41892809B000BE84C /* InfoPlist.strings */; };
		76F208D81892809B000BE84C /* main.m in Sources */ = {isa = PBXBuildFile; fileRef = 76F208D71892809B000BE84C /* main.m */; };
		76F208DC1892809B000BE84C /* AppDelegate.m in Sources */ = {isa = PBXBuildFile; fileRef = 76F208DB1892809B000BE84C /* AppDelegate.m */; };
		76F208DF1892809B000BE84C /* Main.storyboard in Resources */ = {isa = PBXBuildFile; fileRef = 76F208DD1892809B000BE84C /* Main.storyboard */; };
		76F208E21892809B000BE84C /* ViewController.m in Sources */ = {isa = PBXBuildFile; fileRef = 76F208E11892809B000BE84C /* ViewController.m */; };
		76F208E41892809B000BE84C /* Images.xcassets in Resources */ = {isa = PBXBuildFile; fileRef = 76F208E31892809B000BE84C /* Images.xcassets */; };
		76F208EB1892809B000BE84C /* XCTest.framework in Frameworks */ = {isa = PBXBuildFile; fileRef = 76F208EA1892809B000BE84C /* XCTest.framework */; };
		76F208EC1892809B000BE84C /* Foundation.framework in Frameworks */ = {isa = PBXBuildFile; fileRef = 76F208CB1892809B000BE84C /* Foundation.framework */; };
		76F208ED1892809B000BE84C /* UIKit.framework in Frameworks */ = {isa = PBXBuildFile; fileRef = 76F208CF1892809B000BE84C /* UIKit.framework */; };
		76F208F51892809B000BE84C /* InfoPlist.strings in Resources */ = {isa = PBXBuildFile; fileRef = 76F208F31892809B000BE84C /* InfoPlist.strings */; };
		76F208F71892809B000BE84C /* SlotTests.m in Sources */ = {isa = PBXBuildFile; fileRef = 76F208F61892809B000BE84C /* SlotTests.m */; };
		76F20904189280D9000BE84C /* WebViewJavascriptBridge.js.txt in Resources */ = {isa = PBXBuildFile; fileRef = 76F20902189280D9000BE84C /* WebViewJavascriptBridge.js.txt */; };
		76F20905189280D9000BE84C /* WebViewJavascriptBridge.m in Sources */ = {isa = PBXBuildFile; fileRef = 76F20903189280D9000BE84C /* WebViewJavascriptBridge.m */; };
/* End PBXBuildFile section */

/* Begin PBXContainerItemProxy section */
		76F208EE1892809B000BE84C /* PBXContainerItemProxy */ = {
			isa = PBXContainerItemProxy;
			containerPortal = 76F208C01892809B000BE84C /* Project object */;
			proxyType = 1;
			remoteGlobalIDString = 76F208C71892809B000BE84C;
			remoteInfo = Slot;
		};
/* End PBXContainerItemProxy section */

/* Begin PBXFileReference section */
		7628CDC21892D9B90085CE94 /* app.jsx */ = {isa = PBXFileReference; fileEncoding = 4; lastKnownFileType = text; path = app.jsx; sourceTree = "<group>"; };
		7628CDC31892D9B90085CE94 /* bridge.jsx */ = {isa = PBXFileReference; fileEncoding = 4; lastKnownFileType = text; path = bridge.jsx; sourceTree = "<group>"; };
		7628CDC41892D9B90085CE94 /* CloseNormal.png */ = {isa = PBXFileReference; lastKnownFileType = image.png; path = CloseNormal.png; sourceTree = "<group>"; };
		7628CDC51892D9B90085CE94 /* CloseSelected.png */ = {isa = PBXFileReference; lastKnownFileType = image.png; path = CloseSelected.png; sourceTree = "<group>"; };
		7628CDC61892D9B90085CE94 /* Cocos2d-html5-v2.2.2.min.jsx */ = {isa = PBXFileReference; fileEncoding = 4; lastKnownFileType = text; path = "Cocos2d-html5-v2.2.2.min.jsx"; sourceTree = "<group>"; };
		7628CDCC1892D9B90085CE94 /* HelloWorld.png */ = {isa = PBXFileReference; lastKnownFileType = image.png; path = HelloWorld.png; sourceTree = "<group>"; };
		7628CDCD1892D9B90085CE94 /* index.css */ = {isa = PBXFileReference; fileEncoding = 4; lastKnownFileType = text.css; path = index.css; sourceTree = "<group>"; };
		7628CDCE1892D9B90085CE94 /* index.html */ = {isa = PBXFileReference; fileEncoding = 4; lastKnownFileType = text.html; path = index.html; sourceTree = "<group>"; };
		7628CDCF1892D9B90085CE94 /* index.jsx */ = {isa = PBXFileReference; fileEncoding = 4; lastKnownFileType = text; path = index.jsx; sourceTree = "<group>"; };
		7628CDD11892D9B90085CE94 /* resource.jsx */ = {isa = PBXFileReference; fileEncoding = 4; lastKnownFileType = text; path = resource.jsx; sourceTree = "<group>"; };
		76F208C81892809B000BE84C /* Slot.app */ = {isa = PBXFileReference; explicitFileType = wrapper.application; includeInIndex = 0; path = Slot.app; sourceTree = BUILT_PRODUCTS_DIR; };
		76F208CB1892809B000BE84C /* Foundation.framework */ = {isa = PBXFileReference; lastKnownFileType = wrapper.framework; name = Foundation.framework; path = System/Library/Frameworks/Foundation.framework; sourceTree = SDKROOT; };
		76F208CD1892809B000BE84C /* CoreGraphics.framework */ = {isa = PBXFileReference; lastKnownFileType = wrapper.framework; name = CoreGraphics.framework; path = System/Library/Frameworks/CoreGraphics.framework; sourceTree = SDKROOT; };
		76F208CF1892809B000BE84C /* UIKit.framework */ = {isa = PBXFileReference; lastKnownFileType = wrapper.framework; name = UIKit.framework; path = System/Library/Frameworks/UIKit.framework; sourceTree = SDKROOT; };
		76F208D31892809B000BE84C /* Slot-Info.plist */ = {isa = PBXFileReference; lastKnownFileType = text.plist.xml; path = "Slot-Info.plist"; sourceTree = "<group>"; };
		76F208D51892809B000BE84C /* en */ = {isa = PBXFileReference; lastKnownFileType = text.plist.strings; name = en; path = en.lproj/InfoPlist.strings; sourceTree = "<group>"; };
		76F208D71892809B000BE84C /* main.m */ = {isa = PBXFileReference; lastKnownFileType = sourcecode.c.objc; path = main.m; sourceTree = "<group>"; };
		76F208D91892809B000BE84C /* Slot-Prefix.pch */ = {isa = PBXFileReference; lastKnownFileType = sourcecode.c.h; path = "Slot-Prefix.pch"; sourceTree = "<group>"; };
		76F208DA1892809B000BE84C /* AppDelegate.h */ = {isa = PBXFileReference; lastKnownFileType = sourcecode.c.h; path = AppDelegate.h; sourceTree = "<group>"; };
		76F208DB1892809B000BE84C /* AppDelegate.m */ = {isa = PBXFileReference; lastKnownFileType = sourcecode.c.objc; path = AppDelegate.m; sourceTree = "<group>"; };
		76F208DE1892809B000BE84C /* Base */ = {isa = PBXFileReference; lastKnownFileType = file.storyboard; name = Base; path = Base.lproj/Main.storyboard; sourceTree = "<group>"; };
		76F208E01892809B000BE84C /* ViewController.h */ = {isa = PBXFileReference; lastKnownFileType = sourcecode.c.h; path = ViewController.h; sourceTree = "<group>"; };
		76F208E11892809B000BE84C /* ViewController.m */ = {isa = PBXFileReference; lastKnownFileType = sourcecode.c.objc; path = ViewController.m; sourceTree = "<group>"; };
		76F208E31892809B000BE84C /* Images.xcassets */ = {isa = PBXFileReference; lastKnownFileType = folder.assetcatalog; path = Images.xcassets; sourceTree = "<group>"; };
		76F208E91892809B000BE84C /* SlotTests.xctest */ = {isa = PBXFileReference; explicitFileType = wrapper.cfbundle; includeInIndex = 0; path = SlotTests.xctest; sourceTree = BUILT_PRODUCTS_DIR; };
		76F208EA1892809B000BE84C /* XCTest.framework */ = {isa = PBXFileReference; lastKnownFileType = wrapper.framework; name = XCTest.framework; path = Library/Frameworks/XCTest.framework; sourceTree = DEVELOPER_DIR; };
		76F208F21892809B000BE84C /* SlotTests-Info.plist */ = {isa = PBXFileReference; lastKnownFileType = text.plist.xml; path = "SlotTests-Info.plist"; sourceTree = "<group>"; };
		76F208F41892809B000BE84C /* en */ = {isa = PBXFileReference; lastKnownFileType = text.plist.strings; name = en; path = en.lproj/InfoPlist.strings; sourceTree = "<group>"; };
		76F208F61892809B000BE84C /* SlotTests.m */ = {isa = PBXFileReference; lastKnownFileType = sourcecode.c.objc; path = SlotTests.m; sourceTree = "<group>"; };
		76F20901189280D9000BE84C /* WebViewJavascriptBridge.h */ = {isa = PBXFileReference; fileEncoding = 4; lastKnownFileType = sourcecode.c.h; path = WebViewJavascriptBridge.h; sourceTree = "<group>"; };
		76F20902189280D9000BE84C /* WebViewJavascriptBridge.js.txt */ = {isa = PBXFileReference; fileEncoding = 4; lastKnownFileType = text; path = WebViewJavascriptBridge.js.txt; sourceTree = "<group>"; };
		76F20903189280D9000BE84C /* WebViewJavascriptBridge.m */ = {isa = PBXFileReference; fileEncoding = 4; lastKnownFileType = sourcecode.c.objc; path = WebViewJavascriptBridge.m; sourceTree = "<group>"; };
/* End PBXFileReference section */

/* Begin PBXFrameworksBuildPhase section */
		76F208C51892809B000BE84C /* Frameworks */ = {
			isa = PBXFrameworksBuildPhase;
			buildActionMask = 2147483647;
			files = (
				76F208CE1892809B000BE84C /* CoreGraphics.framework in Frameworks */,
				76F208D01892809B000BE84C /* UIKit.framework in Frameworks */,
				76F208CC1892809B000BE84C /* Foundation.framework in Frameworks */,
			);
			runOnlyForDeploymentPostprocessing = 0;
		};
		76F208E61892809B000BE84C /* Frameworks */ = {
			isa = PBXFrameworksBuildPhase;
			buildActionMask = 2147483647;
			files = (
				76F208EB1892809B000BE84C /* XCTest.framework in Frameworks */,
				76F208ED1892809B000BE84C /* UIKit.framework in Frameworks */,
				76F208EC1892809B000BE84C /* Foundation.framework in Frameworks */,
			);
			runOnlyForDeploymentPostprocessing = 0;
		};
/* End PBXFrameworksBuildPhase section */

/* Begin PBXGroup section */
		7628CDC11892D9B90085CE94 /* webapp */ = {
			isa = PBXGroup;
			children = (
				7628CDC41892D9B90085CE94 /* CloseNormal.png */,
				7628CDC51892D9B90085CE94 /* CloseSelected.png */,
				7628CDCC1892D9B90085CE94 /* HelloWorld.png */,
				7628CDCD1892D9B90085CE94 /* index.css */,
				7628CDCE1892D9B90085CE94 /* index.html */,
				7628CDC31892D9B90085CE94 /* bridge.jsx */,
				7628CDC61892D9B90085CE94 /* Cocos2d-html5-v2.2.2.min.jsx */,
				7628CDC21892D9B90085CE94 /* app.jsx */,
				7628CDD11892D9B90085CE94 /* resource.jsx */,
				7628CDCF1892D9B90085CE94 /* index.jsx */,
			);
			path = webapp;
			sourceTree = "<group>";
		};
		76F208BF1892809B000BE84C = {
			isa = PBXGroup;
			children = (
				76F208D11892809B000BE84C /* Slot */,
				76F208F01892809B000BE84C /* SlotTests */,
				76F208CA1892809B000BE84C /* Frameworks */,
				76F208C91892809B000BE84C /* Products */,
			);
			sourceTree = "<group>";
		};
		76F208C91892809B000BE84C /* Products */ = {
			isa = PBXGroup;
			children = (
				76F208C81892809B000BE84C /* Slot.app */,
				76F208E91892809B000BE84C /* SlotTests.xctest */,
			);
			name = Products;
			sourceTree = "<group>";
		};
		76F208CA1892809B000BE84C /* Frameworks */ = {
			isa = PBXGroup;
			children = (
				76F208CB1892809B000BE84C /* Foundation.framework */,
				76F208CD1892809B000BE84C /* CoreGraphics.framework */,
				76F208CF1892809B000BE84C /* UIKit.framework */,
				76F208EA1892809B000BE84C /* XCTest.framework */,
			);
			name = Frameworks;
			sourceTree = "<group>";
		};
		76F208D11892809B000BE84C /* Slot */ = {
			isa = PBXGroup;
			children = (
				7628CDC11892D9B90085CE94 /* webapp */,
				76F20900189280D9000BE84C /* WebViewJavascriptBridge */,
				76F208DA1892809B000BE84C /* AppDelegate.h */,
				76F208DB1892809B000BE84C /* AppDelegate.m */,
				76F208DD1892809B000BE84C /* Main.storyboard */,
				76F208E01892809B000BE84C /* ViewController.h */,
				76F208E11892809B000BE84C /* ViewController.m */,
				76F208E31892809B000BE84C /* Images.xcassets */,
				76F208D21892809B000BE84C /* Supporting Files */,
			);
			path = Slot;
			sourceTree = "<group>";
		};
		76F208D21892809B000BE84C /* Supporting Files */ = {
			isa = PBXGroup;
			children = (
				76F208D31892809B000BE84C /* Slot-Info.plist */,
				76F208D41892809B000BE84C /* InfoPlist.strings */,
				76F208D71892809B000BE84C /* main.m */,
				76F208D91892809B000BE84C /* Slot-Prefix.pch */,
			);
			name = "Supporting Files";
			sourceTree = "<group>";
		};
		76F208F01892809B000BE84C /* SlotTests */ = {
			isa = PBXGroup;
			children = (
				76F208F61892809B000BE84C /* SlotTests.m */,
				76F208F11892809B000BE84C /* Supporting Files */,
			);
			path = SlotTests;
			sourceTree = "<group>";
		};
		76F208F11892809B000BE84C /* Supporting Files */ = {
			isa = PBXGroup;
			children = (
				76F208F21892809B000BE84C /* SlotTests-Info.plist */,
				76F208F31892809B000BE84C /* InfoPlist.strings */,
			);
			name = "Supporting Files";
			sourceTree = "<group>";
		};
		76F20900189280D9000BE84C /* WebViewJavascriptBridge */ = {
			isa = PBXGroup;
			children = (
				76F20901189280D9000BE84C /* WebViewJavascriptBridge.h */,
				76F20902189280D9000BE84C /* WebViewJavascriptBridge.js.txt */,
				76F20903189280D9000BE84C /* WebViewJavascriptBridge.m */,
			);
			path = WebViewJavascriptBridge;
			sourceTree = "<group>";
		};
/* End PBXGroup section */

/* Begin PBXNativeTarget section */
		76F208C71892809B000BE84C /* Slot */ = {
			isa = PBXNativeTarget;
			buildConfigurationList = 76F208FA1892809B000BE84C /* Build configuration list for PBXNativeTarget "Slot" */;
			buildPhases = (
				76F208C41892809B000BE84C /* Sources */,
				76F208C51892809B000BE84C /* Frameworks */,
				76F208C61892809B000BE84C /* Resources */,
			);
			buildRules = (
			);
			dependencies = (
			);
			name = Slot;
			productName = Slot;
			productReference = 76F208C81892809B000BE84C /* Slot.app */;
			productType = "com.apple.product-type.application";
		};
		76F208E81892809B000BE84C /* SlotTests */ = {
			isa = PBXNativeTarget;
			buildConfigurationList = 76F208FD1892809B000BE84C /* Build configuration list for PBXNativeTarget "SlotTests" */;
			buildPhases = (
				76F208E51892809B000BE84C /* Sources */,
				76F208E61892809B000BE84C /* Frameworks */,
				76F208E71892809B000BE84C /* Resources */,
			);
			buildRules = (
			);
			dependencies = (
				76F208EF1892809B000BE84C /* PBXTargetDependency */,
			);
			name = SlotTests;
			productName = SlotTests;
			productReference = 76F208E91892809B000BE84C /* SlotTests.xctest */;
			productType = "com.apple.product-type.bundle.unit-test";
		};
/* End PBXNativeTarget section */

/* Begin PBXProject section */
		76F208C01892809B000BE84C /* Project object */ = {
			isa = PBXProject;
			attributes = {
				LastUpgradeCheck = 0500;
				ORGANIZATIONNAME = fouber;
				TargetAttributes = {
					76F208E81892809B000BE84C = {
						TestTargetID = 76F208C71892809B000BE84C;
					};
				};
			};
			buildConfigurationList = 76F208C31892809B000BE84C /* Build configuration list for PBXProject "Slot" */;
			compatibilityVersion = "Xcode 3.2";
			developmentRegion = English;
			hasScannedForEncodings = 0;
			knownRegions = (
				en,
				Base,
			);
			mainGroup = 76F208BF1892809B000BE84C;
			productRefGroup = 76F208C91892809B000BE84C /* Products */;
			projectDirPath = "";
			projectRoot = "";
			targets = (
				76F208C71892809B000BE84C /* Slot */,
				76F208E81892809B000BE84C /* SlotTests */,
			);
		};
/* End PBXProject section */

/* Begin PBXResourcesBuildPhase section */
		76F208C61892809B000BE84C /* Resources */ = {
			isa = PBXResourcesBuildPhase;
			buildActionMask = 2147483647;
			files = (
				7628CDDC1892D9B90085CE94 /* HelloWorld.png in Resources */,
				76F20904189280D9000BE84C /* WebViewJavascriptBridge.js.txt in Resources */,
				76F208E41892809B000BE84C /* Images.xcassets in Resources */,
				76F208D61892809B000BE84C /* InfoPlist.strings in Resources */,
				7628CDD51892D9B90085CE94 /* CloseSelected.png in Resources */,
				7628CDDF1892D9B90085CE94 /* index.jsx in Resources */,
				7628CDDD1892D9B90085CE94 /* index.css in Resources */,
				7628CDD41892D9B90085CE94 /* CloseNormal.png in Resources */,
				76F208DF1892809B000BE84C /* Main.storyboard in Resources */,
				7628CDD31892D9B90085CE94 /* bridge.jsx in Resources */,
				7628CDE11892D9B90085CE94 /* resource.jsx in Resources */,
				7628CDD21892D9B90085CE94 /* app.jsx in Resources */,
				7628CDD61892D9B90085CE94 /* Cocos2d-html5-v2.2.2.min.jsx in Resources */,
				7628CDDE1892D9B90085CE94 /* index.html in Resources */,
			);
			runOnlyForDeploymentPostprocessing = 0;
		};
		76F208E71892809B000BE84C /* Resources */ = {
			isa = PBXResourcesBuildPhase;
			buildActionMask = 2147483647;
			files = (
				76F208F51892809B000BE84C /* InfoPlist.strings in Resources */,
			);
			runOnlyForDeploymentPostprocessing = 0;
		};
/* End PBXResourcesBuildPhase section */

/* Begin PBXSourcesBuildPhase section */
		76F208C41892809B000BE84C /* Sources */ = {
			isa = PBXSourcesBuildPhase;
			buildActionMask = 2147483647;
			files = (
				76F208E21892809B000BE84C /* ViewController.m in Sources */,
				76F20905189280D9000BE84C /* WebViewJavascriptBridge.m in Sources */,
				76F208DC1892809B000BE84C /* AppDelegate.m in Sources */,
				76F208D81892809B000BE84C /* main.m in Sources */,
			);
			runOnlyForDeploymentPostprocessing = 0;
		};
		76F208E51892809B000BE84C /* Sources */ = {
			isa = PBXSourcesBuildPhase;
			buildActionMask = 2147483647;
			files = (
				76F208F71892809B000BE84C /* SlotTests.m in Sources */,
			);
			runOnlyForDeploymentPostprocessing = 0;
		};
/* End PBXSourcesBuildPhase section */

/* Begin PBXTargetDependency section */
		76F208EF1892809B000BE84C /* PBXTargetDependency */ = {
			isa = PBXTargetDependency;
			target = 76F208C71892809B000BE84C /* Slot */;
			targetProxy = 76F208EE1892809B000BE84C /* PBXContainerItemProxy */;
		};
/* End PBXTargetDependency section */

/* Begin PBXVariantGroup section */
		76F208D41892809B000BE84C /* InfoPlist.strings */ = {
			isa = PBXVariantGroup;
			children = (
				76F208D51892809B000BE84C /* en */,
			);
			name = InfoPlist.strings;
			sourceTree = "<group>";
		};
		76F208DD1892809B000BE84C /* Main.storyboard */ = {
			isa = PBXVariantGroup;
			children = (
				76F208DE1892809B000BE84C /* Base */,
			);
			name = Main.storyboard;
			sourceTree = "<group>";
		};
		76F208F31892809B000BE84C /* InfoPlist.strings */ = {
			isa = PBXVariantGroup;
			children = (
				76F208F41892809B000BE84C /* en */,
			);
			name = InfoPlist.strings;
			sourceTree = "<group>";
		};
/* End PBXVariantGroup section */

/* Begin XCBuildConfiguration section */
		76F208F81892809B000BE84C /* Debug */ = {
			isa = XCBuildConfiguration;
			buildSettings = {
				ALWAYS_SEARCH_USER_PATHS = NO;
				ARCHS = "$(ARCHS_STANDARD_INCLUDING_64_BIT)";
				CLANG_CXX_LANGUAGE_STANDARD = "gnu++0x";
				CLANG_CXX_LIBRARY = "libc++";
				CLANG_ENABLE_MODULES = YES;
				CLANG_ENABLE_OBJC_ARC = YES;
				CLANG_WARN_BOOL_CONVERSION = YES;
				CLANG_WARN_CONSTANT_CONVERSION = YES;
				CLANG_WARN_DIRECT_OBJC_ISA_USAGE = YES_ERROR;
				CLANG_WARN_EMPTY_BODY = YES;
				CLANG_WARN_ENUM_CONVERSION = YES;
				CLANG_WARN_INT_CONVERSION = YES;
				CLANG_WARN_OBJC_ROOT_CLASS = YES_ERROR;
				CLANG_WARN__DUPLICATE_METHOD_MATCH = YES;
				"CODE_SIGN_IDENTITY[sdk=iphoneos*]" = "iPhone Developer";
				COPY_PHASE_STRIP = NO;
				GCC_C_LANGUAGE_STANDARD = gnu99;
				GCC_DYNAMIC_NO_PIC = NO;
				GCC_OPTIMIZATION_LEVEL = 0;
				GCC_PREPROCESSOR_DEFINITIONS = (
					"DEBUG=1",
					"$(inherited)",
				);
				GCC_SYMBOLS_PRIVATE_EXTERN = NO;
				GCC_WARN_64_TO_32_BIT_CONVERSION = YES;
				GCC_WARN_ABOUT_RETURN_TYPE = YES_ERROR;
				GCC_WARN_UNDECLARED_SELECTOR = YES;
				GCC_WARN_UNINITIALIZED_AUTOS = YES;
				GCC_WARN_UNUSED_FUNCTION = YES;
				GCC_WARN_UNUSED_VARIABLE = YES;
				IPHONEOS_DEPLOYMENT_TARGET = 7.0;
				ONLY_ACTIVE_ARCH = YES;
				SDKROOT = iphoneos;
			};
			name = Debug;
		};
		76F208F91892809B000BE84C /* Release */ = {
			isa = XCBuildConfiguration;
			buildSettings = {
				ALWAYS_SEARCH_USER_PATHS = NO;
				ARCHS = "$(ARCHS_STANDARD_INCLUDING_64_BIT)";
				CLANG_CXX_LANGUAGE_STANDARD = "gnu++0x";
				CLANG_CXX_LIBRARY = "libc++";
				CLANG_ENABLE_MODULES = YES;
				CLANG_ENABLE_OBJC_ARC = YES;
				CLANG_WARN_BOOL_CONVERSION = YES;
				CLANG_WARN_CONSTANT_CONVERSION = YES;
				CLANG_WARN_DIRECT_OBJC_ISA_USAGE = YES_ERROR;
				CLANG_WARN_EMPTY_BODY = YES;
				CLANG_WARN_ENUM_CONVERSION = YES;
				CLANG_WARN_INT_CONVERSION = YES;
				CLANG_WARN_OBJC_ROOT_CLASS = YES_ERROR;
				CLANG_WARN__DUPLICATE_METHOD_MATCH = YES;
				"CODE_SIGN_IDENTITY[sdk=iphoneos*]" = "iPhone Developer";
				COPY_PHASE_STRIP = YES;
				ENABLE_NS_ASSERTIONS = NO;
				GCC_C_LANGUAGE_STANDARD = gnu99;
				GCC_WARN_64_TO_32_BIT_CONVERSION = YES;
				GCC_WARN_ABOUT_RETURN_TYPE = YES_ERROR;
				GCC_WARN_UNDECLARED_SELECTOR = YES;
				GCC_WARN_UNINITIALIZED_AUTOS = YES;
				GCC_WARN_UNUSED_FUNCTION = YES;
				GCC_WARN_UNUSED_VARIABLE = YES;
				IPHONEOS_DEPLOYMENT_TARGET = 7.0;
				SDKROOT = iphoneos;
				VALIDATE_PRODUCT = YES;
			};
			name = Release;
		};
		76F208FB1892809B000BE84C /* Debug */ = {
			isa = XCBuildConfiguration;
			buildSettings = {
				ASSETCATALOG_COMPILER_APPICON_NAME = AppIcon;
				ASSETCATALOG_COMPILER_LAUNCHIMAGE_NAME = LaunchImage;
				GCC_PRECOMPILE_PREFIX_HEADER = YES;
				GCC_PREFIX_HEADER = "Slot/Slot-Prefix.pch";
				INFOPLIST_FILE = "Slot/Slot-Info.plist";
				IPHONEOS_DEPLOYMENT_TARGET = 6.1;
				PRODUCT_NAME = "$(TARGET_NAME)";
				WRAPPER_EXTENSION = app;
			};
			name = Debug;
		};
		76F208FC1892809B000BE84C /* Release */ = {
			isa = XCBuildConfiguration;
			buildSettings = {
				ASSETCATALOG_COMPILER_APPICON_NAME = AppIcon;
				ASSETCATALOG_COMPILER_LAUNCHIMAGE_NAME = LaunchImage;
				GCC_PRECOMPILE_PREFIX_HEADER = YES;
				GCC_PREFIX_HEADER = "Slot/Slot-Prefix.pch";
				INFOPLIST_FILE = "Slot/Slot-Info.plist";
				IPHONEOS_DEPLOYMENT_TARGET = 6.1;
				PRODUCT_NAME = "$(TARGET_NAME)";
				WRAPPER_EXTENSION = app;
			};
			name = Release;
		};
		76F208FE1892809B000BE84C /* Debug */ = {
			isa = XCBuildConfiguration;
			buildSettings = {
				ARCHS = "$(ARCHS_STANDARD_INCLUDING_64_BIT)";
				BUNDLE_LOADER = "$(BUILT_PRODUCTS_DIR)/Slot.app/Slot";
				FRAMEWORK_SEARCH_PATHS = (
					"$(SDKROOT)/Developer/Library/Frameworks",
					"$(inherited)",
					"$(DEVELOPER_FRAMEWORKS_DIR)",
				);
				GCC_PRECOMPILE_PREFIX_HEADER = YES;
				GCC_PREFIX_HEADER = "Slot/Slot-Prefix.pch";
				GCC_PREPROCESSOR_DEFINITIONS = (
					"DEBUG=1",
					"$(inherited)",
				);
				INFOPLIST_FILE = "SlotTests/SlotTests-Info.plist";
				PRODUCT_NAME = "$(TARGET_NAME)";
				TEST_HOST = "$(BUNDLE_LOADER)";
				WRAPPER_EXTENSION = xctest;
			};
			name = Debug;
		};
		76F208FF1892809B000BE84C /* Release */ = {
			isa = XCBuildConfiguration;
			buildSettings = {
				ARCHS = "$(ARCHS_STANDARD_INCLUDING_64_BIT)";
				BUNDLE_LOADER = "$(BUILT_PRODUCTS_DIR)/Slot.app/Slot";
				FRAMEWORK_SEARCH_PATHS = (
					"$(SDKROOT)/Developer/Library/Frameworks",
					"$(inherited)",
					"$(DEVELOPER_FRAMEWORKS_DIR)",
				);
				GCC_PRECOMPILE_PREFIX_HEADER = YES;
				GCC_PREFIX_HEADER = "Slot/Slot-Prefix.pch";
				INFOPLIST_FILE = "SlotTests/SlotTests-Info.plist";
				PRODUCT_NAME = "$(TARGET_NAME)";
				TEST_HOST = "$(BUNDLE_LOADER)";
				WRAPPER_EXTENSION = xctest;
			};
			name = Release;
		};
/* End XCBuildConfiguration section */

/* Begin XCConfigurationList section */
		76F208C31892809B000BE84C /* Build configuration list for PBXProject "Slot" */ = {
			isa = XCConfigurationList;
			buildConfigurations = (
				76F208F81892809B000BE84C /* Debug */,
				76F208F91892809B000BE84C /* Release */,
			);
			defaultConfigurationIsVisible = 0;
			defaultConfigurationName = Release;
		};
		76F208FA1892809B000BE84C /* Build configuration list for PBXNativeTarget "Slot" */ = {
			isa = XCConfigurationList;
			buildConfigurations = (
				76F208FB1892809B000BE84C /* Debug */,
				76F208FC1892809B000BE84C /* Release */,
			);
			defaultConfigurationIsVisible = 0;
			defaultConfigurationName = Release;
		};
		76F208FD1892809B000BE84C /* Build configuration list for PBXNativeTarget "SlotTests" */ = {
			isa = XCConfigurationList;
			buildConfigurations = (
				76F208FE1892809B000BE84C /* Debug */,
				76F208FF1892809B000BE84C /* Release */,
			);
			defaultConfigurationIsVisible = 0;
			defaultConfigurationName = Release;
		};
/* End XCConfigurationList section */
	};
	rootObject = 76F208C01892809B000BE84C /* Project object */;
}
